
Microsoft Visual Studio Solution File, Format Version 12.00
# Visual Studio Version 16
VisualStudioVersion = 16.0.31025.194
MinimumVisualStudioVersion = 10.0.40219.1
Project("{2150E333-8FDC-42A3-9474-1A3956D46DE8}") = "Clients", "Clients", "{CA1302C9-7526-48AE-A9BE-9EC7A63AE9C7}"
EndProject
Project("{FAE04EC0-301F-11D3-BF4B-00C04F79EFBC}") = "DesktopClient", "DesktopClient\DesktopClient.csproj", "{8F72BCBA-1A83-4252-8E7A-602BBF436003}"
EndProject
Global
	GlobalSection(SolutionConfigurationPlatforms) = preSolution
		Debug|Any CPU = Debug|Any CPU
		Release|Any CPU = Release|Any CPU
	EndGlobalSection
	GlobalSection(ProjectConfigurationPlatforms) = postSolution
		{8F72BCBA-1A83-4252-8E7A-602BBF436003}.Debug|Any CPU.ActiveCfg = Debug|Any CPU
		{8F72BCBA-1A83-4252-8E7A-602BBF436003}.Debug|Any CPU.Build.0 = Debug|Any CPU
		{8F72BCBA-1A83-4252-8E7A-602BBF436003}.Release|Any CPU.ActiveCfg = Release|Any CPU
		{8F72BCBA-1A83-4252-8E7A-602BBF436003}.Release|Any CPU.Build.0 = Release|Any CPU
	EndGlobalSection
	GlobalSection(SolutionProperties) = preSolution
		HideSolutionNode = FALSE
	EndGlobalSection
	GlobalSection(NestedProjects) = preSolution
		{8F72BCBA-1A83-4252-8E7A-602BBF436003} = {CA1302C9-7526-48AE-A9BE-9EC7A63AE9C7}
	EndGlobalSection
	GlobalSection(ExtensibilityGlobals) = postSolution
		SolutionGuid = {F682EC50-7A47-401E-A710-D88D03470C54}
	EndGlobalSection
EndGlobal
